
Microsoft Visual Studio Solution File, Format Version 12.00
# Visual Studio Version 17
VisualStudioVersion = 17.11.35431.28
MinimumVisualStudioVersion = 10.0.40219.1
Project("{FAE04EC0-301F-11D3-BF4B-00C04F79EFBC}") = "MonoGameGeoDash", "MonoGameGeoDash\MonoGameGeoDash.csproj", "{E9C9560B-1459-40E5-9489-D2D0F34D5816}"
EndProject
Global
	GlobalSection(SolutionConfigurationPlatforms) = preSolution
		Debug|Any CPU = Debug|Any CPU
		Release|Any CPU = Release|Any CPU
	EndGlobalSection
	GlobalSection(ProjectConfigurationPlatforms) = postSolution
		{E9C9560B-1459-40E5-9489-D2D0F34D5816}.Debug|Any CPU.ActiveCfg = Debug|Any CPU
		{E9C9560B-1459-40E5-9489-D2D0F34D5816}.Debug|Any CPU.Build.0 = Debug|Any CPU
		{E9C9560B-1459-40E5-9489-D2D0F34D5816}.Release|Any CPU.ActiveCfg = Release|Any CPU
		{E9C9560B-1459-40E5-9489-D2D0F34D5816}.Release|Any CPU.Build.0 = Release|Any CPU
	EndGlobalSection
	GlobalSection(SolutionProperties) = preSolution
		HideSolutionNode = FALSE
	EndGlobalSection
	GlobalSection(ExtensibilityGlobals) = postSolution
		SolutionGuid = {0038B700-D5F3-4B54-8DB7-0B64EB9FEB12}
	EndGlobalSection
EndGlobal
